// !$*UTF8*$!
{
	archiveVersion = 1;
	classes = {
	};
	objectVersion = 77;
	objects = {

/* Begin PBXContainerItemProxy section */
		80898B3C2DB6DE9D00A662FC /* PBXContainerItemProxy */ = {
			isa = PBXContainerItemProxy;
			containerPortal = 80898B232DB6DE9B00A662FC /* Project object */;
			proxyType = 1;
			remoteGlobalIDString = 80898B2A2DB6DE9B00A662FC;
			remoteInfo = smartglasses;
		};
		80898B462DB6DE9D00A662FC /* PBXContainerItemProxy */ = {
			isa = PBXContainerItemProxy;
			containerPortal = 80898B232DB6DE9B00A662FC /* Project object */;
			proxyType = 1;
			remoteGlobalIDString = 80898B2A2DB6DE9B00A662FC;
			remoteInfo = smartglasses;
		};
/* End PBXContainerItemProxy section */

/* Begin PBXFileReference section */
		80898B2B2DB6DE9B00A662FC /* smartglasses.app */ = {isa = PBXFileReference; explicitFileType = wrapper.application; includeInIndex = 0; path = smartglasses.app; sourceTree = BUILT_PRODUCTS_DIR; };
		80898B3B2DB6DE9D00A662FC /* smartglassesTests.xctest */ = {isa = PBXFileReference; explicitFileType = wrapper.cfbundle; includeInIndex = 0; path = smartglassesTests.xctest; sourceTree = BUILT_PRODUCTS_DIR; };
		80898B452DB6DE9D00A662FC /* smartglassesUITests.xctest */ = {isa = PBXFileReference; explicitFileType = wrapper.cfbundle; includeInIndex = 0; path = smartglassesUITests.xctest; sourceTree = BUILT_PRODUCTS_DIR; };
/* End PBXFileReference section */

/* Begin PBXFileSystemSynchronizedRootGroup section */
		80898B2D2DB6DE9B00A662FC /* smartglasses */ = {
			isa = PBXFileSystemSynchronizedRootGroup;
			path = smartglasses;
			sourceTree = "<group>";
		};
		80898B3E2DB6DE9D00A662FC /* smartglassesTests */ = {
			isa = PBXFileSystemSynchronizedRootGroup;
			path = smartglassesTests;
			sourceTree = "<group>";
		};
		80898B482DB6DE9D00A662FC /* smartglassesUITests */ = {
			isa = PBXFileSystemSynchronizedRootGroup;
			path = smartglassesUITests;
			sourceTree = "<group>";
		};
/* End PBXFileSystemSynchronizedRootGroup section */

/* Begin PBXFrameworksBuildPhase section */
		80898B282DB6DE9B00A662FC /* Frameworks */ = {
			isa = PBXFrameworksBuildPhase;
			buildActionMask = 2147483647;
			files = (
			);
			runOnlyForDeploymentPostprocessing = 0;
		};
		80898B382DB6DE9D00A662FC /* Frameworks */ = {
			isa = PBXFrameworksBuildPhase;
			buildActionMask = 2147483647;
			files = (
			);
			runOnlyForDeploymentPostprocessing = 0;
		};
		80898B422DB6DE9D00A662FC /* Frameworks */ = {
			isa = PBXFrameworksBuildPhase;
			buildActionMask = 2147483647;
			files = (
			);
			runOnlyForDeploymentPostprocessing = 0;
		};
/* End PBXFrameworksBuildPhase section */

/* Begin PBXGroup section */
		80898B222DB6DE9B00A662FC = {
			isa = PBXGroup;
			children = (
				80898B2D2DB6DE9B00A662FC /* smartglasses */,
				80898B3E2DB6DE9D00A662FC /* smartglassesTests */,
				80898B482DB6DE9D00A662FC /* smartglassesUITests */,
				80898B2C2DB6DE9B00A662FC /* Products */,
			);
			sourceTree = "<group>";
		};
		80898B2C2DB6DE9B00A662FC /* Products */ = {
			isa = PBXGroup;
			children = (
				80898B2B2DB6DE9B00A662FC /* smartglasses.app */,
				80898B3B2DB6DE9D00A662FC /* smartglassesTests.xctest */,
				80898B452DB6DE9D00A662FC /* smartglassesUITests.xctest */,
			);
			name = Products;
			sourceTree = "<group>";
		};
/* End PBXGroup section */

/* Begin PBXNativeTarget section */
		80898B2A2DB6DE9B00A662FC /* smartglasses */ = {
			isa = PBXNativeTarget;
			buildConfigurationList = 80898B4F2DB6DE9D00A662FC /* Build configuration list for PBXNativeTarget "smartglasses" */;
			buildPhases = (
				80898B272DB6DE9B00A662FC /* Sources */,
				80898B282DB6DE9B00A662FC /* Frameworks */,
				80898B292DB6DE9B00A662FC /* Resources */,
			);
			buildRules = (
			);
			dependencies = (
			);
			fileSystemSynchronizedGroups = (
				80898B2D2DB6DE9B00A662FC /* smartglasses */,
			);
			name = smartglasses;
			packageProductDependencies = (
			);
			productName = smartglasses;
			productReference = 80898B2B2DB6DE9B00A662FC /* smartglasses.app */;
			productType = "com.apple.product-type.application";
		};
		80898B3A2DB6DE9D00A662FC /* smartglassesTests */ = {
			isa = PBXNativeTarget;
			buildConfigurationList = 80898B522DB6DE9D00A662FC /* Build configuration list for PBXNativeTarget "smartglassesTests" */;
			buildPhases = (
				80898B372DB6DE9D00A662FC /* Sources */,
				80898B382DB6DE9D00A662FC /* Frameworks */,
				80898B392DB6DE9D00A662FC /* Resources */,
			);
			buildRules = (
			);
			dependencies = (
				80898B3D2DB6DE9D00A662FC /* PBXTargetDependency */,
			);
			fileSystemSynchronizedGroups = (
				80898B3E2DB6DE9D00A662FC /* smartglassesTests */,
			);
			name = smartglassesTests;
			packageProductDependencies = (
			);
			productName = smartglassesTests;
			productReference = 80898B3B2DB6DE9D00A662FC /* smartglassesTests.xctest */;
			productType = "com.apple.product-type.bundle.unit-test";
		};
		80898B442DB6DE9D00A662FC /* smartglassesUITests */ = {
			isa = PBXNativeTarget;
			buildConfigurationList = 80898B552DB6DE9D00A662FC /* Build configuration list for PBXNativeTarget "smartglassesUITests" */;
			buildPhases = (
				80898B412DB6DE9D00A662FC /* Sources */,
				80898B422DB6DE9D00A662FC /* Frameworks */,
				80898B432DB6DE9D00A662FC /* Resources */,
			);
			buildRules = (
			);
			dependencies = (
				80898B472DB6DE9D00A662FC /* PBXTargetDependency */,
			);
			fileSystemSynchronizedGroups = (
				80898B482DB6DE9D00A662FC /* smartglassesUITests */,
			);
			name = smartglassesUITests;
			packageProductDependencies = (
			);
			productName = smartglassesUITests;
			productReference = 80898B452DB6DE9D00A662FC /* smartglassesUITests.xctest */;
			productType = "com.apple.product-type.bundle.ui-testing";
		};
/* End PBXNativeTarget section */

/* Begin PBXProject section */
		80898B232DB6DE9B00A662FC /* Project object */ = {
			isa = PBXProject;
			attributes = {
				BuildIndependentTargetsInParallel = 1;
				LastSwiftUpdateCheck = 1620;
				LastUpgradeCheck = 1620;
				TargetAttributes = {
					80898B2A2DB6DE9B00A662FC = {
						CreatedOnToolsVersion = 16.2;
					};
					80898B3A2DB6DE9D00A662FC = {
						CreatedOnToolsVersion = 16.2;
						TestTargetID = 80898B2A2DB6DE9B00A662FC;
					};
					80898B442DB6DE9D00A662FC = {
						CreatedOnToolsVersion = 16.2;
						TestTargetID = 80898B2A2DB6DE9B00A662FC;
					};
				};
			};
			buildConfigurationList = 80898B262DB6DE9B00A662FC /* Build configuration list for PBXProject "smartglasses" */;
			developmentRegion = en;
			hasScannedForEncodings = 0;
			knownRegions = (
				en,
				Base,
			);
			mainGroup = 80898B222DB6DE9B00A662FC;
			minimizedProjectReferenceProxies = 1;
			preferredProjectObjectVersion = 77;
			productRefGroup = 80898B2C2DB6DE9B00A662FC /* Products */;
			projectDirPath = "";
			projectRoot = "";
			targets = (
				80898B2A2DB6DE9B00A662FC /* smartglasses */,
				80898B3A2DB6DE9D00A662FC /* smartglassesTests */,
				80898B442DB6DE9D00A662FC /* smartglassesUITests */,
			);
		};
/* End PBXProject section */

/* Begin PBXResourcesBuildPhase section */
		80898B292DB6DE9B00A662FC /* Resources */ = {
			isa = PBXResourcesBuildPhase;
			buildActionMask = 2147483647;
			files = (
			);
			runOnlyForDeploymentPostprocessing = 0;
		};
		80898B392DB6DE9D00A662FC /* Resources */ = {
			isa = PBXResourcesBuildPhase;
			buildActionMask = 2147483647;
			files = (
			);
			runOnlyForDeploymentPostprocessing = 0;
		};
		80898B432DB6DE9D00A662FC /* Resources */ = {
			isa = PBXResourcesBuildPhase;
			buildActionMask = 2147483647;
			files = (
			);
			runOnlyForDeploymentPostprocessing = 0;
		};
/* End PBXResourcesBuildPhase section */

/* Begin PBXSourcesBuildPhase section */
		80898B272DB6DE9B00A662FC /* Sources */ = {
			isa = PBXSourcesBuildPhase;
			buildActionMask = 2147483647;
			files = (
			);
			runOnlyForDeploymentPostprocessing = 0;
		};
		80898B372DB6DE9D00A662FC /* Sources */ = {
			isa = PBXSourcesBuildPhase;
			buildActionMask = 2147483647;
			files = (
			);
			runOnlyForDeploymentPostprocessing = 0;
		};
		80898B412DB6DE9D00A662FC /* Sources */ = {
			isa = PBXSourcesBuildPhase;
			buildActionMask = 2147483647;
			files = (
			);
			runOnlyForDeploymentPostprocessing = 0;
		};
/* End PBXSourcesBuildPhase section */

/* Begin PBXTargetDependency section */
		80898B3D2DB6DE9D00A662FC /* PBXTargetDependency */ = {
			isa = PBXTargetDependency;
			target = 80898B2A2DB6DE9B00A662FC /* smartglasses */;
			targetProxy = 80898B3C2DB6DE9D00A662FC /* PBXContainerItemProxy */;
		};
		80898B472DB6DE9D00A662FC /* PBXTargetDependency */ = {
			isa = PBXTargetDependency;
			target = 80898B2A2DB6DE9B00A662FC /* smartglasses */;
			targetProxy = 80898B462DB6DE9D00A662FC /* PBXContainerItemProxy */;
		};
/* End PBXTargetDependency section */

/* Begin XCBuildConfiguration section */
		80898B4D2DB6DE9D00A662FC /* Debug */ = {
			isa = XCBuildConfiguration;
			buildSettings = {
				ALWAYS_SEARCH_USER_PATHS = NO;
				ASSETCATALOG_COMPILER_GENERATE_SWIFT_ASSET_SYMBOL_EXTENSIONS = YES;
				CLANG_ANALYZER_NONNULL = YES;
				CLANG_ANALYZER_NUMBER_OBJECT_CONVERSION = YES_AGGRESSIVE;
				CLANG_CXX_LANGUAGE_STANDARD = "gnu++20";
				CLANG_ENABLE_MODULES = YES;
				CLANG_ENABLE_OBJC_ARC = YES;
				CLANG_ENABLE_OBJC_WEAK = YES;
				CLANG_WARN_BLOCK_CAPTURE_AUTORELEASING = YES;
				CLANG_WARN_BOOL_CONVERSION = YES;
				CLANG_WARN_COMMA = YES;
				CLANG_WARN_CONSTANT_CONVERSION = YES;
				CLANG_WARN_DEPRECATED_OBJC_IMPLEMENTATIONS = YES;
				CLANG_WARN_DIRECT_OBJC_ISA_USAGE = YES_ERROR;
				CLANG_WARN_DOCUMENTATION_COMMENTS = YES;
				CLANG_WARN_EMPTY_BODY = YES;
				CLANG_WARN_ENUM_CONVERSION = YES;
				CLANG_WARN_INFINITE_RECURSION = YES;
				CLANG_WARN_INT_CONVERSION = YES;
				CLANG_WARN_NON_LITERAL_NULL_CONVERSION = YES;
				CLANG_WARN_OBJC_IMPLICIT_RETAIN_SELF = YES;
				CLANG_WARN_OBJC_LITERAL_CONVERSION = YES;
				CLANG_WARN_OBJC_ROOT_CLASS = YES_ERROR;
				CLANG_WARN_QUOTED_INCLUDE_IN_FRAMEWORK_HEADER = YES;
				CLANG_WARN_RANGE_LOOP_ANALYSIS = YES;
				CLANG_WARN_STRICT_PROTOTYPES = YES;
				CLANG_WARN_SUSPICIOUS_MOVE = YES;
				CLANG_WARN_UNGUARDED_AVAILABILITY = YES_AGGRESSIVE;
				CLANG_WARN_UNREACHABLE_CODE = YES;
				CLANG_WARN__DUPLICATE_METHOD_MATCH = YES;
				COPY_PHASE_STRIP = NO;
				DEBUG_INFORMATION_FORMAT = dwarf;
				ENABLE_STRICT_OBJC_MSGSEND = YES;
				ENABLE_TESTABILITY = YES;
				ENABLE_USER_SCRIPT_SANDBOXING = YES;
				GCC_C_LANGUAGE_STANDARD = gnu17;
				GCC_DYNAMIC_NO_PIC = NO;
				GCC_NO_COMMON_BLOCKS = YES;
				GCC_OPTIMIZATION_LEVEL = 0;
				GCC_PREPROCESSOR_DEFINITIONS = (
					"DEBUG=1",
					"$(inherited)",
				);
				GCC_WARN_64_TO_32_BIT_CONVERSION = YES;
				GCC_WARN_ABOUT_RETURN_TYPE = YES_ERROR;
				GCC_WARN_UNDECLARED_SELECTOR = YES;
				GCC_WARN_UNINITIALIZED_AUTOS = YES_AGGRESSIVE;
				GCC_WARN_UNUSED_FUNCTION = YES;
				GCC_WARN_UNUSED_VARIABLE = YES;
				"INFOPLIST_FILE[sdk=*]" = "";
				IPHONEOS_DEPLOYMENT_TARGET = 18.2;
				LOCALIZATION_PREFERS_STRING_CATALOGS = YES;
				MTL_ENABLE_DEBUG_INFO = INCLUDE_SOURCE;
				MTL_FAST_MATH = YES;
				ONLY_ACTIVE_ARCH = YES;
				SDKROOT = iphoneos;
				SWIFT_ACTIVE_COMPILATION_CONDITIONS = "DEBUG $(inherited)";
				SWIFT_OPTIMIZATION_LEVEL = "-Onone";
			};
			name = Debug;
		};
		80898B4E2DB6DE9D00A662FC /* Release */ = {
			isa = XCBuildConfiguration;
			buildSettings = {
				ALWAYS_SEARCH_USER_PATHS = NO;
				ASSETCATALOG_COMPILER_GENERATE_SWIFT_ASSET_SYMBOL_EXTENSIONS = YES;
				CLANG_ANALYZER_NONNULL = YES;
				CLANG_ANALYZER_NUMBER_OBJECT_CONVERSION = YES_AGGRESSIVE;
				CLANG_CXX_LANGUAGE_STANDARD = "gnu++20";
				CLANG_ENABLE_MODULES = YES;
				CLANG_ENABLE_OBJC_ARC = YES;
				CLANG_ENABLE_OBJC_WEAK = YES;
				CLANG_WARN_BLOCK_CAPTURE_AUTORELEASING = YES;
				CLANG_WARN_BOOL_CONVERSION = YES;
				CLANG_WARN_COMMA = YES;
				CLANG_WARN_CONSTANT_CONVERSION = YES;
				CLANG_WARN_DEPRECATED_OBJC_IMPLEMENTATIONS = YES;
				CLANG_WARN_DIRECT_OBJC_ISA_USAGE = YES_ERROR;
				CLANG_WARN_DOCUMENTATION_COMMENTS = YES;
				CLANG_WARN_EMPTY_BODY = YES;
				CLANG_WARN_ENUM_CONVERSION = YES;
				CLANG_WARN_INFINITE_RECURSION = YES;
				CLANG_WARN_INT_CONVERSION = YES;
				CLANG_WARN_NON_LITERAL_NULL_CONVERSION = YES;
				CLANG_WARN_OBJC_IMPLICIT_RETAIN_SELF = YES;
				CLANG_WARN_OBJC_LITERAL_CONVERSION = YES;
				CLANG_WARN_OBJC_ROOT_CLASS = YES_ERROR;
				CLANG_WARN_QUOTED_INCLUDE_IN_FRAMEWORK_HEADER = YES;
				CLANG_WARN_RANGE_LOOP_ANALYSIS = YES;
				CLANG_WARN_STRICT_PROTOTYPES = YES;
				CLANG_WARN_SUSPICIOUS_MOVE = YES;
				CLANG_WARN_UNGUARDED_AVAILABILITY = YES_AGGRESSIVE;
				CLANG_WARN_UNREACHABLE_CODE = YES;
				CLANG_WARN__DUPLICATE_METHOD_MATCH = YES;
				COPY_PHASE_STRIP = NO;
				DEBUG_INFORMATION_FORMAT = "dwarf-with-dsym";
				ENABLE_NS_ASSERTIONS = NO;
				ENABLE_STRICT_OBJC_MSGSEND = YES;
				ENABLE_USER_SCRIPT_SANDBOXING = YES;
				GCC_C_LANGUAGE_STANDARD = gnu17;
				GCC_NO_COMMON_BLOCKS = YES;
				GCC_WARN_64_TO_32_BIT_CONVERSION = YES;
				GCC_WARN_ABOUT_RETURN_TYPE = YES_ERROR;
				GCC_WARN_UNDECLARED_SELECTOR = YES;
				GCC_WARN_UNINITIALIZED_AUTOS = YES_AGGRESSIVE;
				GCC_WARN_UNUSED_FUNCTION = YES;
				GCC_WARN_UNUSED_VARIABLE = YES;
				IPHONEOS_DEPLOYMENT_TARGET = 18.2;
				LOCALIZATION_PREFERS_STRING_CATALOGS = YES;
				MTL_ENABLE_DEBUG_INFO = NO;
				MTL_FAST_MATH = YES;
				SDKROOT = iphoneos;
				SWIFT_COMPILATION_MODE = wholemodule;
				VALIDATE_PRODUCT = YES;
			};
			name = Release;
		};
		80898B502DB6DE9D00A662FC /* Debug */ = {
			isa = XCBuildConfiguration;
			buildSettings = {
				ASSETCATALOG_COMPILER_APPICON_NAME = AppIcon;
				ASSETCATALOG_COMPILER_GLOBAL_ACCENT_COLOR_NAME = AccentColor;
				CODE_SIGN_STYLE = Automatic;
				CURRENT_PROJECT_VERSION = 1;
				DEVELOPMENT_ASSET_PATHS = "\"smartglasses/Preview Content\"";
				ENABLE_PREVIEWS = YES;
				GENERATE_INFOPLIST_FILE = YES;
				INFOPLIST_FILE = "";
				INFOPLIST_KEY_UIApplicationSceneManifest_Generation = YES;
				INFOPLIST_KEY_UIApplicationSupportsIndirectInputEvents = YES;
				INFOPLIST_KEY_UILaunchScreen_Generation = YES;
				INFOPLIST_KEY_UISupportedInterfaceOrientations_iPad = "UIInterfaceOrientationPortrait UIInterfaceOrientationPortraitUpsideDown UIInterfaceOrientationLandscapeLeft UIInterfaceOrientationLandscapeRight";
				INFOPLIST_KEY_UISupportedInterfaceOrientations_iPhone = "UIInterfaceOrientationPortrait UIInterfaceOrientationLandscapeLeft UIInterfaceOrientationLandscapeRight";
				LD_RUNPATH_SEARCH_PATHS = (
					"$(inherited)",
					"@executable_path/Frameworks",
				);
				MARKETING_VERSION = 1.0;
				PRODUCT_BUNDLE_IDENTIFIER = org.assistthings.smartglasses;
				PRODUCT_NAME = "$(TARGET_NAME)";
				SWIFT_EMIT_LOC_STRINGS = YES;
				SWIFT_VERSION = 5.0;
				TARGETED_DEVICE_FAMILY = "1,2";
			};
			name = Debug;
		};
		80898B512DB6DE9D00A662FC /* Release */ = {
			isa = XCBuildConfiguration;
			buildSettings = {
				ASSETCATALOG_COMPILER_APPICON_NAME = AppIcon;
				ASSETCATALOG_COMPILER_GLOBAL_ACCENT_COLOR_NAME = AccentColor;
				CODE_SIGN_STYLE = Automatic;
				CURRENT_PROJECT_VERSION = 1;
				DEVELOPMENT_ASSET_PATHS = "\"smartglasses/Preview Content\"";
				ENABLE_PREVIEWS = YES;
				GENERATE_INFOPLIST_FILE = YES;
				INFOPLIST_FILE = "";
				INFOPLIST_KEY_UIApplicationSceneManifest_Generation = YES;
				INFOPLIST_KEY_UIApplicationSupportsIndirectInputEvents = YES;
				INFOPLIST_KEY_UILaunchScreen_Generation = YES;
				INFOPLIST_KEY_UISupportedInterfaceOrientations_iPad = "UIInterfaceOrientationPortrait UIInterfaceOrientationPortraitUpsideDown UIInterfaceOrientationLandscapeLeft UIInterfaceOrientationLandscapeRight";
				INFOPLIST_KEY_UISupportedInterfaceOrientations_iPhone = "UIInterfaceOrientationPortrait UIInterfaceOrientationLandscapeLeft UIInterfaceOrientationLandscapeRight";
				LD_RUNPATH_SEARCH_PATHS = (
					"$(inherited)",
					"@executable_path/Frameworks",
				);
				MARKETING_VERSION = 1.0;
				PRODUCT_BUNDLE_IDENTIFIER = org.assistthings.smartglasses;
				PRODUCT_NAME = "$(TARGET_NAME)";
				SWIFT_EMIT_LOC_STRINGS = YES;
				SWIFT_VERSION = 5.0;
				TARGETED_DEVICE_FAMILY = "1,2";
			};
			name = Release;
		};
		80898B532DB6DE9D00A662FC /* Debug */ = {
			isa = XCBuildConfiguration;
			buildSettings = {
				BUNDLE_LOADER = "$(TEST_HOST)";
				CODE_SIGN_STYLE = Automatic;
				CURRENT_PROJECT_VERSION = 1;
				GENERATE_INFOPLIST_FILE = YES;
				IPHONEOS_DEPLOYMENT_TARGET = 18.2;
				MARKETING_VERSION = 1.0;
				PRODUCT_BUNDLE_IDENTIFIER = org.assistthings.smartglassesTests;
				PRODUCT_NAME = "$(TARGET_NAME)";
				SWIFT_EMIT_LOC_STRINGS = NO;
				SWIFT_VERSION = 5.0;
				TARGETED_DEVICE_FAMILY = "1,2";
				TEST_HOST = "$(BUILT_PRODUCTS_DIR)/smartglasses.app/$(BUNDLE_EXECUTABLE_FOLDER_PATH)/smartglasses";
			};
			name = Debug;
		};
		80898B542DB6DE9D00A662FC /* Release */ = {
			isa = XCBuildConfiguration;
			buildSettings = {
				BUNDLE_LOADER = "$(TEST_HOST)";
				CODE_SIGN_STYLE = Automatic;
				CURRENT_PROJECT_VERSION = 1;
				GENERATE_INFOPLIST_FILE = YES;
				IPHONEOS_DEPLOYMENT_TARGET = 18.2;
				MARKETING_VERSION = 1.0;
				PRODUCT_BUNDLE_IDENTIFIER = org.assistthings.smartglassesTests;
				PRODUCT_NAME = "$(TARGET_NAME)";
				SWIFT_EMIT_LOC_STRINGS = NO;
				SWIFT_VERSION = 5.0;
				TARGETED_DEVICE_FAMILY = "1,2";
				TEST_HOST = "$(BUILT_PRODUCTS_DIR)/smartglasses.app/$(BUNDLE_EXECUTABLE_FOLDER_PATH)/smartglasses";
			};
			name = Release;
		};
		80898B562DB6DE9D00A662FC /* Debug */ = {
			isa = XCBuildConfiguration;
			buildSettings = {
				CODE_SIGN_STYLE = Automatic;
				CURRENT_PROJECT_VERSION = 1;
				GENERATE_INFOPLIST_FILE = YES;
				MARKETING_VERSION = 1.0;
				PRODUCT_BUNDLE_IDENTIFIER = org.assistthings.smartglassesUITests;
				PRODUCT_NAME = "$(TARGET_NAME)";
				SWIFT_EMIT_LOC_STRINGS = NO;
				SWIFT_VERSION = 5.0;
				TARGETED_DEVICE_FAMILY = "1,2";
				TEST_TARGET_NAME = smartglasses;
			};
			name = Debug;
		};
		80898B572DB6DE9D00A662FC /* Release */ = {
			isa = XCBuildConfiguration;
			buildSettings = {
				CODE_SIGN_STYLE = Automatic;
				CURRENT_PROJECT_VERSION = 1;
				GENERATE_INFOPLIST_FILE = YES;
				MARKETING_VERSION = 1.0;
				PRODUCT_BUNDLE_IDENTIFIER = org.assistthings.smartglassesUITests;
				PRODUCT_NAME = "$(TARGET_NAME)";
				SWIFT_EMIT_LOC_STRINGS = NO;
				SWIFT_VERSION = 5.0;
				TARGETED_DEVICE_FAMILY = "1,2";
				TEST_TARGET_NAME = smartglasses;
			};
			name = Release;
		};
/* End XCBuildConfiguration section */

/* Begin XCConfigurationList section */
		80898B262DB6DE9B00A662FC /* Build configuration list for PBXProject "smartglasses" */ = {
			isa = XCConfigurationList;
			buildConfigurations = (
				80898B4D2DB6DE9D00A662FC /* Debug */,
				80898B4E2DB6DE9D00A662FC /* Release */,
			);
			defaultConfigurationIsVisible = 0;
			defaultConfigurationName = Release;
		};
		80898B4F2DB6DE9D00A662FC /* Build configuration list for PBXNativeTarget "smartglasses" */ = {
			isa = XCConfigurationList;
			buildConfigurations = (
				80898B502DB6DE9D00A662FC /* Debug */,
				80898B512DB6DE9D00A662FC /* Release */,
			);
			defaultConfigurationIsVisible = 0;
			defaultConfigurationName = Release;
		};
		80898B522DB6DE9D00A662FC /* Build configuration list for PBXNativeTarget "smartglassesTests" */ = {
			isa = XCConfigurationList;
			buildConfigurations = (
				80898B532DB6DE9D00A662FC /* Debug */,
				80898B542DB6DE9D00A662FC /* Release */,
			);
			defaultConfigurationIsVisible = 0;
			defaultConfigurationName = Release;
		};
		80898B552DB6DE9D00A662FC /* Build configuration list for PBXNativeTarget "smartglassesUITests" */ = {
			isa = XCConfigurationList;
			buildConfigurations = (
				80898B562DB6DE9D00A662FC /* Debug */,
				80898B572DB6DE9D00A662FC /* Release */,
			);
			defaultConfigurationIsVisible = 0;
			defaultConfigurationName = Release;
		};
/* End XCConfigurationList section */
	};
	rootObject = 80898B232DB6DE9B00A662FC /* Project object */;
}
